<?xml version="1.0" encoding="utf-8"?>
<Project ToolsVersion="4.0" xmlns="http://schemas.microsoft.com/developer/msbuild/2003">
  <ItemGroup>
    <ClCompile Include="AudioScene.cpp">
      <Filter>Source</Filter>
    </ClCompile>
    <ClCompile Include="Camera.cpp">
      <Filter>Source</Filter>
    </ClCompile>
    <ClCompile Include="Cube.cpp">
      <Filter>Source</Filter>
    </ClCompile>
    <ClCompile Include="CubeMapTexture.cpp">
      <Filter>Source</Filter>
    </ClCompile>
    <ClCompile Include="FirstPersonCamera.cpp">
      <Filter>Source</Filter>
    </ClCompile>
    <ClCompile Include="Game.cpp">
      <Filter>Source</Filter>
    </ClCompile>
    <ClCompile Include="input.cpp">
      <Filter>Source</Filter>
    </ClCompile>
    <ClCompile Include="Listener.cpp">
      <Filter>Source</Filter>
    </ClCompile>
    <ClCompile Include="main.cpp">
      <Filter>Source</Filter>
    </ClCompile>
    <ClCompile Include="Object.cpp">
      <Filter>Source</Filter>
    </ClCompile>
    <ClCompile Include="ParticleScene.cpp">
      <Filter>Source</Filter>
    </ClCompile>
    <ClCompile Include="ParticleSystem.cpp">
      <Filter>Source</Filter>
    </ClCompile>
    <ClCompile Include="Player.cpp">
      <Filter>Source</Filter>
    </ClCompile>
    <ClCompile Include="Scene.cpp">
      <Filter>Source</Filter>
    </ClCompile>
    <ClCompile Include="settings.cpp">
      <Filter>Source</Filter>
    </ClCompile>
    <ClCompile Include="Shader.cpp">
      <Filter>Source</Filter>
    </ClCompile>
    <ClCompile Include="ShaderProgram.cpp">
      <Filter>Source</Filter>
    </ClCompile>
    <ClCompile Include="Skybox.cpp">
      <Filter>Source</Filter>
    </ClCompile>
    <ClCompile Include="Sound.cpp">
      <Filter>Source</Filter>
    </ClCompile>
    <ClCompile Include="SoundBuffer.cpp">
      <Filter>Source</Filter>
    </ClCompile>
    <ClCompile Include="SoundSystem.cpp">
      <Filter>Source</Filter>
    </ClCompile>
    <ClCompile Include="Square.cpp">
      <Filter>Source</Filter>
    </ClCompile>
    <ClCompile Include="Terrain.cpp">
      <Filter>Source</Filter>
    </ClCompile>
    <ClCompile Include="TerrainScene.cpp">
      <Filter>Source</Filter>
    </ClCompile>
    <ClCompile Include="TestScene.cpp">
      <Filter>Source</Filter>
    </ClCompile>
    <ClCompile Include="Texture.cpp">
      <Filter>Source</Filter>
    </ClCompile>
    <ClCompile Include="Texture2D.cpp">
      <Filter>Source</Filter>
    </ClCompile>
    <ClCompile Include="util.cpp">
      <Filter>Source</Filter>
    </ClCompile>
    <ClCompile Include="WaveFile.cpp">
      <Filter>Source</Filter>
    </ClCompile>
  </ItemGroup>
  <ItemGroup>
    <ClInclude Include="AudioScene.h">
      <Filter>Headers</Filter>
    </ClInclude>
    <ClInclude Include="Camera.h">
      <Filter>Headers</Filter>
    </ClInclude>
    <ClInclude Include="Cube.h">
      <Filter>Headers</Filter>
    </ClInclude>
    <ClInclude Include="CubeMapTexture.h">
      <Filter>Headers</Filter>
    </ClInclude>
    <ClInclude Include="FirstPersonCamera.h">
      <Filter>Headers</Filter>
    </ClInclude>
    <ClInclude Include="Game.h">
      <Filter>Headers</Filter>
    </ClInclude>
    <ClInclude Include="Geometry.h">
      <Filter>Headers</Filter>
    </ClInclude>
    <ClInclude Include="input.h">
      <Filter>Headers</Filter>
    </ClInclude>
    <ClInclude Include="Listener.h">
      <Filter>Headers</Filter>
    </ClInclude>
    <ClInclude Include="main.h">
      <Filter>Headers</Filter>
    </ClInclude>
    <ClInclude Include="Object.h">
      <Filter>Headers</Filter>
    </ClInclude>
    <ClInclude Include="ParticleScene.h">
      <Filter>Headers</Filter>
    </ClInclude>
    <ClInclude Include="ParticleSystem.h">
      <Filter>Headers</Filter>
    </ClInclude>
    <ClInclude Include="Player.h">
      <Filter>Headers</Filter>
    </ClInclude>
    <ClInclude Include="Scene.h">
      <Filter>Headers</Filter>
    </ClInclude>
    <ClInclude Include="settings.h">
      <Filter>Headers</Filter>
    </ClInclude>
    <ClInclude Include="Shader.h">
      <Filter>Headers</Filter>
    </ClInclude>
    <ClInclude Include="Skybox.h">
      <Filter>Headers</Filter>
    </ClInclude>
    <ClInclude Include="ShaderProgram.h">
      <Filter>Headers</Filter>
    </ClInclude>
    <ClInclude Include="Sound.h">
      <Filter>Headers</Filter>
    </ClInclude>
    <ClInclude Include="SoundFile.h">
      <Filter>Headers</Filter>
    </ClInclude>
    <ClInclude Include="SoundBuffer.h">
      <Filter>Headers</Filter>
    </ClInclude>
    <ClInclude Include="SoundSystem.h">
      <Filter>Headers</Filter>
    </ClInclude>
    <ClInclude Include="Square.h">
      <Filter>Headers</Filter>
    </ClInclude>
    <ClInclude Include="Terrain.h">
      <Filter>Headers</Filter>
    </ClInclude>
    <ClInclude Include="TerrainScene.h">
      <Filter>Headers</Filter>
    </ClInclude>
    <ClInclude Include="TestScene.h">
      <Filter>Headers</Filter>
    </ClInclude>
    <ClInclude Include="Texture.h">
      <Filter>Headers</Filter>
    </ClInclude>
    <ClInclude Include="Texture2D.h">
      <Filter>Headers</Filter>
    </ClInclude>
    <ClInclude Include="util.h">
      <Filter>Headers</Filter>
    </ClInclude>
    <ClInclude Include="WaveFile.h">
      <Filter>Headers</Filter>
    </ClInclude>
  </ItemGroup>
  <ItemGroup>
    <None Include="default_vertex.glsl">
      <Filter>Shaders</Filter>
    </None>
    <None Include="default_fragment.glsl">
      <Filter>Shaders</Filter>
    </None>
    <None Include="default_geometry.glsl">
      <Filter>Shaders</Filter>
    </None>
    <None Include="particle_fragment.glsl">
      <Filter>Shaders</Filter>
    </None>
    <None Include="particle_geometry.glsl">
      <Filter>Shaders</Filter>
    </None>
    <None Include="particle_vertex.glsl">
      <Filter>Shaders</Filter>
    </None>
    <None Include="skybox_fragment.glsl">
      <Filter>Shaders</Filter>
    </None>
    <None Include="skybox_vertex.glsl">
      <Filter>Shaders</Filter>
    </None>
  </ItemGroup>
  <ItemGroup>
    <Filter Include="Headers">
      <UniqueIdentifier>{23452864-00f1-43b7-b677-8cd7c2941083}</UniqueIdentifier>
    </Filter>
    <Filter Include="Shaders">
      <UniqueIdentifier>{140d6876-dd3e-4ba1-be56-50d1bcb50872}</UniqueIdentifier>
    </Filter>
    <Filter Include="Source">
      <UniqueIdentifier>{6e329638-20fc-4da8-be7e-0179f483bfc3}</UniqueIdentifier>
    </Filter>
  </ItemGroup>
</Project>